// !$*UTF8*$!
{
	archiveVersion = 1;
	classes = {
	};
	objectVersion = 56;
	objects = {

/* Begin PBXBuildFile section */
		3EB5A48C2A0811D3007D07A0 /* MapView.swift in Sources */ = {isa = PBXBuildFile; fileRef = 3EB5A48B2A0811D3007D07A0 /* MapView.swift */; };
		3EE429E229FC20F000DFFA19 /* Assignment2Waheed.swift in Sources */ = {isa = PBXBuildFile; fileRef = 3EE429E129FC20F000DFFA19 /* Assignment2Waheed.swift */; };
		3EE429E429FC20F000DFFA19 /* ContentView.swift in Sources */ = {isa = PBXBuildFile; fileRef = 3EE429E329FC20F000DFFA19 /* ContentView.swift */; };
		3EE429E629FC20F200DFFA19 /* Assets.xcassets in Resources */ = {isa = PBXBuildFile; fileRef = 3EE429E529FC20F200DFFA19 /* Assets.xcassets */; };
		3EE429E929FC20F200DFFA19 /* Preview Assets.xcassets in Resources */ = {isa = PBXBuildFile; fileRef = 3EE429E829FC20F200DFFA19 /* Preview Assets.xcassets */; };
		3EE429F329FC20F200DFFA19 /* FavouritePlacesTests.swift in Sources */ = {isa = PBXBuildFile; fileRef = 3EE429F229FC20F200DFFA19 /* FavouritePlacesTests.swift */; };
		3EE429FD29FC20F200DFFA19 /* FavouritePlacesUITests.swift in Sources */ = {isa = PBXBuildFile; fileRef = 3EE429FC29FC20F200DFFA19 /* FavouritePlacesUITests.swift */; };
		3EE429FF29FC20F200DFFA19 /* FavouritePlacesUITestsLaunchTests.swift in Sources */ = {isa = PBXBuildFile; fileRef = 3EE429FE29FC20F200DFFA19 /* FavouritePlacesUITestsLaunchTests.swift */; };
		3EE42A0D29FC2C9C00DFFA19 /* Model.xcdatamodeld in Sources */ = {isa = PBXBuildFile; fileRef = 3EE42A0B29FC2C9B00DFFA19 /* Model.xcdatamodeld */; };
		3EE42A0F29FC2E2D00DFFA19 /* Persistence.swift in Sources */ = {isa = PBXBuildFile; fileRef = 3EE42A0E29FC2E2D00DFFA19 /* Persistence.swift */; };
		3EE42A1129FC307600DFFA19 /* ViewModel.swift in Sources */ = {isa = PBXBuildFile; fileRef = 3EE42A1029FC307600DFFA19 /* ViewModel.swift */; };
		3EE42A1329FC32FF00DFFA19 /* DetailView.swift in Sources */ = {isa = PBXBuildFile; fileRef = 3EE42A1229FC32FF00DFFA19 /* DetailView.swift */; };
		3EE42A1529FD30C100DFFA19 /* RowView.swift in Sources */ = {isa = PBXBuildFile; fileRef = 3EE42A1429FD30C100DFFA19 /* RowView.swift */; };
		3EE42A1829FE3BD100DFFA19 /* Documentation.docc in Sources */ = {isa = PBXBuildFile; fileRef = 3EE42A1729FE3BD100DFFA19 /* Documentation.docc */; };
/* End PBXBuildFile section */

/* Begin PBXContainerItemProxy section */
		3EE429EF29FC20F200DFFA19 /* PBXContainerItemProxy */ = {
			isa = PBXContainerItemProxy;
			containerPortal = 3EE429D629FC20F000DFFA19 /* Project object */;
			proxyType = 1;
			remoteGlobalIDString = 3EE429DD29FC20F000DFFA19;
			remoteInfo = Assignment2Waheed;
		};
		3EE429F929FC20F200DFFA19 /* PBXContainerItemProxy */ = {
			isa = PBXContainerItemProxy;
			containerPortal = 3EE429D629FC20F000DFFA19 /* Project object */;
			proxyType = 1;
			remoteGlobalIDString = 3EE429DD29FC20F000DFFA19;
			remoteInfo = Assignment2Waheed;
		};
/* End PBXContainerItemProxy section */

/* Begin PBXFileReference section */
		3EB5A48B2A0811D3007D07A0 /* MapView.swift */ = {isa = PBXFileReference; lastKnownFileType = sourcecode.swift; path = MapView.swift; sourceTree = "<group>"; };
		3EE429DE29FC20F000DFFA19 /* FavouritePlaces.app */ = {isa = PBXFileReference; explicitFileType = wrapper.application; includeInIndex = 0; path = FavouritePlaces.app; sourceTree = BUILT_PRODUCTS_DIR; };
		3EE429E129FC20F000DFFA19 /* Assignment2Waheed.swift */ = {isa = PBXFileReference; lastKnownFileType = sourcecode.swift; path = Assignment2Waheed.swift; sourceTree = "<group>"; };
		3EE429E329FC20F000DFFA19 /* ContentView.swift */ = {isa = PBXFileReference; lastKnownFileType = sourcecode.swift; path = ContentView.swift; sourceTree = "<group>"; };
		3EE429E529FC20F200DFFA19 /* Assets.xcassets */ = {isa = PBXFileReference; lastKnownFileType = folder.assetcatalog; path = Assets.xcassets; sourceTree = "<group>"; };
		3EE429E829FC20F200DFFA19 /* Preview Assets.xcassets */ = {isa = PBXFileReference; lastKnownFileType = folder.assetcatalog; path = "Preview Assets.xcassets"; sourceTree = "<group>"; };
		3EE429EE29FC20F200DFFA19 /* FavouritePlacesTests.xctest */ = {isa = PBXFileReference; explicitFileType = wrapper.cfbundle; includeInIndex = 0; path = FavouritePlacesTests.xctest; sourceTree = BUILT_PRODUCTS_DIR; };
		3EE429F229FC20F200DFFA19 /* FavouritePlacesTests.swift */ = {isa = PBXFileReference; lastKnownFileType = sourcecode.swift; path = FavouritePlacesTests.swift; sourceTree = "<group>"; };
		3EE429F829FC20F200DFFA19 /* FavouritePlacesUITests.xctest */ = {isa = PBXFileReference; explicitFileType = wrapper.cfbundle; includeInIndex = 0; path = FavouritePlacesUITests.xctest; sourceTree = BUILT_PRODUCTS_DIR; };
		3EE429FC29FC20F200DFFA19 /* FavouritePlacesUITests.swift */ = {isa = PBXFileReference; lastKnownFileType = sourcecode.swift; path = FavouritePlacesUITests.swift; sourceTree = "<group>"; };
		3EE429FE29FC20F200DFFA19 /* FavouritePlacesUITestsLaunchTests.swift */ = {isa = PBXFileReference; lastKnownFileType = sourcecode.swift; path = FavouritePlacesUITestsLaunchTests.swift; sourceTree = "<group>"; };
		3EE42A0C29FC2C9C00DFFA19 /* Model.xcdatamodel */ = {isa = PBXFileReference; lastKnownFileType = wrapper.xcdatamodel; path = Model.xcdatamodel; sourceTree = "<group>"; };
		3EE42A0E29FC2E2D00DFFA19 /* Persistence.swift */ = {isa = PBXFileReference; lastKnownFileType = sourcecode.swift; path = Persistence.swift; sourceTree = "<group>"; };
		3EE42A1029FC307600DFFA19 /* ViewModel.swift */ = {isa = PBXFileReference; lastKnownFileType = sourcecode.swift; path = ViewModel.swift; sourceTree = "<group>"; };
		3EE42A1229FC32FF00DFFA19 /* DetailView.swift */ = {isa = PBXFileReference; lastKnownFileType = sourcecode.swift; path = DetailView.swift; sourceTree = "<group>"; };
		3EE42A1429FD30C100DFFA19 /* RowView.swift */ = {isa = PBXFileReference; lastKnownFileType = sourcecode.swift; path = RowView.swift; sourceTree = "<group>"; };
		3EE42A1729FE3BD100DFFA19 /* Documentation.docc */ = {isa = PBXFileReference; lastKnownFileType = folder.documentationcatalog; path = Documentation.docc; sourceTree = "<group>"; };
/* End PBXFileReference section */

/* Begin PBXFrameworksBuildPhase section */
		3EE429DB29FC20F000DFFA19 /* Frameworks */ = {
			isa = PBXFrameworksBuildPhase;
			buildActionMask = 2147483647;
			files = (
			);
			runOnlyForDeploymentPostprocessing = 0;
		};
		3EE429EB29FC20F200DFFA19 /* Frameworks */ = {
			isa = PBXFrameworksBuildPhase;
			buildActionMask = 2147483647;
			files = (
			);
			runOnlyForDeploymentPostprocessing = 0;
		};
		3EE429F529FC20F200DFFA19 /* Frameworks */ = {
			isa = PBXFrameworksBuildPhase;
			buildActionMask = 2147483647;
			files = (
			);
			runOnlyForDeploymentPostprocessing = 0;
		};
/* End PBXFrameworksBuildPhase section */

/* Begin PBXGroup section */
		3EE429D529FC20F000DFFA19 = {
			isa = PBXGroup;
			children = (
				3EE429E029FC20F000DFFA19 /* Assignment2Waheed */,
				3EE429F129FC20F200DFFA19 /* FavouritePlacesTests */,
				3EE429FB29FC20F200DFFA19 /* FavouritePlacesUITests */,
				3EE429DF29FC20F000DFFA19 /* Products */,
			);
			sourceTree = "<group>";
		};
		3EE429DF29FC20F000DFFA19 /* Products */ = {
			isa = PBXGroup;
			children = (
				3EE429DE29FC20F000DFFA19 /* FavouritePlaces.app */,
				3EE429EE29FC20F200DFFA19 /* FavouritePlacesTests.xctest */,
				3EE429F829FC20F200DFFA19 /* FavouritePlacesUITests.xctest */,
			);
			name = Products;
			sourceTree = "<group>";
		};
		3EE429E029FC20F000DFFA19 /* Assignment2Waheed */ = {
			isa = PBXGroup;
			children = (
				3EE42A1629FE3B9200DFFA19 /* Views */,
				3EE429E129FC20F000DFFA19 /* Assignment2Waheed.swift */,
				3EE429E529FC20F200DFFA19 /* Assets.xcassets */,
				3EE429E729FC20F200DFFA19 /* Preview Content */,
				3EE42A0B29FC2C9B00DFFA19 /* Model.xcdatamodeld */,
				3EE42A0E29FC2E2D00DFFA19 /* Persistence.swift */,
				3EE42A1029FC307600DFFA19 /* ViewModel.swift */,
				3EE42A1729FE3BD100DFFA19 /* Documentation.docc */,
			);
			path = Assignment2Waheed;
			sourceTree = "<group>";
		};
		3EE429E729FC20F200DFFA19 /* Preview Content */ = {
			isa = PBXGroup;
			children = (
				3EE429E829FC20F200DFFA19 /* Preview Assets.xcassets */,
			);
			path = "Preview Content";
			sourceTree = "<group>";
		};
		3EE429F129FC20F200DFFA19 /* FavouritePlacesTests */ = {
			isa = PBXGroup;
			children = (
				3EE429F229FC20F200DFFA19 /* FavouritePlacesTests.swift */,
			);
			path = FavouritePlacesTests;
			sourceTree = "<group>";
		};
		3EE429FB29FC20F200DFFA19 /* FavouritePlacesUITests */ = {
			isa = PBXGroup;
			children = (
				3EE429FC29FC20F200DFFA19 /* FavouritePlacesUITests.swift */,
				3EE429FE29FC20F200DFFA19 /* FavouritePlacesUITestsLaunchTests.swift */,
			);
			path = FavouritePlacesUITests;
			sourceTree = "<group>";
		};
		3EE42A1629FE3B9200DFFA19 /* Views */ = {
			isa = PBXGroup;
			children = (
				3EE42A1429FD30C100DFFA19 /* RowView.swift */,
				3EE429E329FC20F000DFFA19 /* ContentView.swift */,
				3EE42A1229FC32FF00DFFA19 /* DetailView.swift */,
				3EB5A48B2A0811D3007D07A0 /* MapView.swift */,
			);
			path = Views;
			sourceTree = "<group>";
		};
/* End PBXGroup section */

/* Begin PBXNativeTarget section */
		3EE429DD29FC20F000DFFA19 /* FavouritePlaces */ = {
			isa = PBXNativeTarget;
			buildConfigurationList = 3EE42A0229FC20F200DFFA19 /* Build configuration list for PBXNativeTarget "FavouritePlaces" */;
			buildPhases = (
				3EE429DA29FC20F000DFFA19 /* Sources */,
				3EE429DB29FC20F000DFFA19 /* Frameworks */,
				3EE429DC29FC20F000DFFA19 /* Resources */,
			);
			buildRules = (
			);
			dependencies = (
			);
			name = FavouritePlaces;
			productName = Assignment2Waheed;
			productReference = 3EE429DE29FC20F000DFFA19 /* FavouritePlaces.app */;
			productType = "com.apple.product-type.application";
		};
		3EE429ED29FC20F200DFFA19 /* FavouritePlacesTests */ = {
			isa = PBXNativeTarget;
			buildConfigurationList = 3EE42A0529FC20F200DFFA19 /* Build configuration list for PBXNativeTarget "FavouritePlacesTests" */;
			buildPhases = (
				3EE429EA29FC20F200DFFA19 /* Sources */,
				3EE429EB29FC20F200DFFA19 /* Frameworks */,
				3EE429EC29FC20F200DFFA19 /* Resources */,
			);
			buildRules = (
			);
			dependencies = (
				3EE429F029FC20F200DFFA19 /* PBXTargetDependency */,
			);
			name = FavouritePlacesTests;
			productName = Assignment2WaheedTests;
			productReference = 3EE429EE29FC20F200DFFA19 /* FavouritePlacesTests.xctest */;
			productType = "com.apple.product-type.bundle.unit-test";
		};
		3EE429F729FC20F200DFFA19 /* FavouritePlacesUITests */ = {
			isa = PBXNativeTarget;
			buildConfigurationList = 3EE42A0829FC20F200DFFA19 /* Build configuration list for PBXNativeTarget "FavouritePlacesUITests" */;
			buildPhases = (
				3EE429F429FC20F200DFFA19 /* Sources */,
				3EE429F529FC20F200DFFA19 /* Frameworks */,
				3EE429F629FC20F200DFFA19 /* Resources */,
			);
			buildRules = (
			);
			dependencies = (
				3EE429FA29FC20F200DFFA19 /* PBXTargetDependency */,
			);
			name = FavouritePlacesUITests;
			productName = Assignment2WaheedUITests;
			productReference = 3EE429F829FC20F200DFFA19 /* FavouritePlacesUITests.xctest */;
			productType = "com.apple.product-type.bundle.ui-testing";
		};
/* End PBXNativeTarget section */

/* Begin PBXProject section */
		3EE429D629FC20F000DFFA19 /* Project object */ = {
			isa = PBXProject;
			attributes = {
				BuildIndependentTargetsInParallel = 1;
				LastSwiftUpdateCheck = 1420;
				LastUpgradeCheck = 1420;
				TargetAttributes = {
					3EE429DD29FC20F000DFFA19 = {
						CreatedOnToolsVersion = 14.2;
					};
					3EE429ED29FC20F200DFFA19 = {
						CreatedOnToolsVersion = 14.2;
						TestTargetID = 3EE429DD29FC20F000DFFA19;
					};
					3EE429F729FC20F200DFFA19 = {
						CreatedOnToolsVersion = 14.2;
						TestTargetID = 3EE429DD29FC20F000DFFA19;
					};
				};
			};
			buildConfigurationList = 3EE429D929FC20F000DFFA19 /* Build configuration list for PBXProject "FavouritePlaces" */;
			compatibilityVersion = "Xcode 14.0";
			developmentRegion = en;
			hasScannedForEncodings = 0;
			knownRegions = (
				en,
				Base,
			);
			mainGroup = 3EE429D529FC20F000DFFA19;
			productRefGroup = 3EE429DF29FC20F000DFFA19 /* Products */;
			projectDirPath = "";
			projectRoot = "";
			targets = (
				3EE429DD29FC20F000DFFA19 /* FavouritePlaces */,
				3EE429ED29FC20F200DFFA19 /* FavouritePlacesTests */,
				3EE429F729FC20F200DFFA19 /* FavouritePlacesUITests */,
			);
		};
/* End PBXProject section */

/* Begin PBXResourcesBuildPhase section */
		3EE429DC29FC20F000DFFA19 /* Resources */ = {
			isa = PBXResourcesBuildPhase;
			buildActionMask = 2147483647;
			files = (
				3EE429E929FC20F200DFFA19 /* Preview Assets.xcassets in Resources */,
				3EE429E629FC20F200DFFA19 /* Assets.xcassets in Resources */,
			);
			runOnlyForDeploymentPostprocessing = 0;
		};
		3EE429EC29FC20F200DFFA19 /* Resources */ = {
			isa = PBXResourcesBuildPhase;
			buildActionMask = 2147483647;
			files = (
			);
			runOnlyForDeploymentPostprocessing = 0;
		};
		3EE429F629FC20F200DFFA19 /* Resources */ = {
			isa = PBXResourcesBuildPhase;
			buildActionMask = 2147483647;
			files = (
			);
			runOnlyForDeploymentPostprocessing = 0;
		};
/* End PBXResourcesBuildPhase section */

/* Begin PBXSourcesBuildPhase section */
		3EE429DA29FC20F000DFFA19 /* Sources */ = {
			isa = PBXSourcesBuildPhase;
			buildActionMask = 2147483647;
			files = (
				3EE42A1129FC307600DFFA19 /* ViewModel.swift in Sources */,
				3EE42A1329FC32FF00DFFA19 /* DetailView.swift in Sources */,
				3EE42A1529FD30C100DFFA19 /* RowView.swift in Sources */,
				3EE42A1829FE3BD100DFFA19 /* Documentation.docc in Sources */,
				3EE429E429FC20F000DFFA19 /* ContentView.swift in Sources */,
				3EE42A0F29FC2E2D00DFFA19 /* Persistence.swift in Sources */,
				3EE429E229FC20F000DFFA19 /* Assignment2Waheed.swift in Sources */,
				3EB5A48C2A0811D3007D07A0 /* MapView.swift in Sources */,
				3EE42A0D29FC2C9C00DFFA19 /* Model.xcdatamodeld in Sources */,
			);
			runOnlyForDeploymentPostprocessing = 0;
		};
		3EE429EA29FC20F200DFFA19 /* Sources */ = {
			isa = PBXSourcesBuildPhase;
			buildActionMask = 2147483647;
			files = (
				3EE429F329FC20F200DFFA19 /* FavouritePlacesTests.swift in Sources */,
			);
			runOnlyForDeploymentPostprocessing = 0;
		};
		3EE429F429FC20F200DFFA19 /* Sources */ = {
			isa = PBXSourcesBuildPhase;
			buildActionMask = 2147483647;
			files = (
				3EE429FF29FC20F200DFFA19 /* FavouritePlacesUITestsLaunchTests.swift in Sources */,
				3EE429FD29FC20F200DFFA19 /* FavouritePlacesUITests.swift in Sources */,
			);
			runOnlyForDeploymentPostprocessing = 0;
		};
/* End PBXSourcesBuildPhase section */

/* Begin PBXTargetDependency section */
		3EE429F029FC20F200DFFA19 /* PBXTargetDependency */ = {
			isa = PBXTargetDependency;
			target = 3EE429DD29FC20F000DFFA19 /* FavouritePlaces */;
			targetProxy = 3EE429EF29FC20F200DFFA19 /* PBXContainerItemProxy */;
		};
		3EE429FA29FC20F200DFFA19 /* PBXTargetDependency */ = {
			isa = PBXTargetDependency;
			target = 3EE429DD29FC20F000DFFA19 /* FavouritePlaces */;
			targetProxy = 3EE429F929FC20F200DFFA19 /* PBXContainerItemProxy */;
		};
/* End PBXTargetDependency section */

/* Begin XCBuildConfiguration section */
		3EE42A0029FC20F200DFFA19 /* Debug */ = {
			isa = XCBuildConfiguration;
			buildSettings = {
				ALWAYS_SEARCH_USER_PATHS = NO;
				CLANG_ANALYZER_NONNULL = YES;
				CLANG_ANALYZER_NUMBER_OBJECT_CONVERSION = YES_AGGRESSIVE;
				CLANG_CXX_LANGUAGE_STANDARD = "gnu++20";
				CLANG_ENABLE_MODULES = YES;
				CLANG_ENABLE_OBJC_ARC = YES;
				CLANG_ENABLE_OBJC_WEAK = YES;
				CLANG_WARN_BLOCK_CAPTURE_AUTORELEASING = YES;
				CLANG_WARN_BOOL_CONVERSION = YES;
				CLANG_WARN_COMMA = YES;
				CLANG_WARN_CONSTANT_CONVERSION = YES;
				CLANG_WARN_DEPRECATED_OBJC_IMPLEMENTATIONS = YES;
				CLANG_WARN_DIRECT_OBJC_ISA_USAGE = YES_ERROR;
				CLANG_WARN_DOCUMENTATION_COMMENTS = YES;
				CLANG_WARN_EMPTY_BODY = YES;
				CLANG_WARN_ENUM_CONVERSION = YES;
				CLANG_WARN_INFINITE_RECURSION = YES;
				CLANG_WARN_INT_CONVERSION = YES;
				CLANG_WARN_NON_LITERAL_NULL_CONVERSION = YES;
				CLANG_WARN_OBJC_IMPLICIT_RETAIN_SELF = YES;
				CLANG_WARN_OBJC_LITERAL_CONVERSION = YES;
				CLANG_WARN_OBJC_ROOT_CLASS = YES_ERROR;
				CLANG_WARN_QUOTED_INCLUDE_IN_FRAMEWORK_HEADER = YES;
				CLANG_WARN_RANGE_LOOP_ANALYSIS = YES;
				CLANG_WARN_STRICT_PROTOTYPES = YES;
				CLANG_WARN_SUSPICIOUS_MOVE = YES;
				CLANG_WARN_UNGUARDED_AVAILABILITY = YES_AGGRESSIVE;
				CLANG_WARN_UNREACHABLE_CODE = YES;
				CLANG_WARN__DUPLICATE_METHOD_MATCH = YES;
				COPY_PHASE_STRIP = NO;
				DEBUG_INFORMATION_FORMAT = dwarf;
				ENABLE_STRICT_OBJC_MSGSEND = YES;
				ENABLE_TESTABILITY = YES;
				GCC_C_LANGUAGE_STANDARD = gnu11;
				GCC_DYNAMIC_NO_PIC = NO;
				GCC_NO_COMMON_BLOCKS = YES;
				GCC_OPTIMIZATION_LEVEL = 0;
				GCC_PREPROCESSOR_DEFINITIONS = (
					"DEBUG=1",
					"$(inherited)",
				);
				GCC_WARN_64_TO_32_BIT_CONVERSION = YES;
				GCC_WARN_ABOUT_RETURN_TYPE = YES_ERROR;
				GCC_WARN_UNDECLARED_SELECTOR = YES;
				GCC_WARN_UNINITIALIZED_AUTOS = YES_AGGRESSIVE;
				GCC_WARN_UNUSED_FUNCTION = YES;
				GCC_WARN_UNUSED_VARIABLE = YES;
				IPHONEOS_DEPLOYMENT_TARGET = 16.2;
				MTL_ENABLE_DEBUG_INFO = INCLUDE_SOURCE;
				MTL_FAST_MATH = YES;
				ONLY_ACTIVE_ARCH = YES;
				SDKROOT = iphoneos;
				SWIFT_ACTIVE_COMPILATION_CONDITIONS = DEBUG;
				SWIFT_OPTIMIZATION_LEVEL = "-Onone";
			};
			name = Debug;
		};
		3EE42A0129FC20F200DFFA19 /* Release */ = {
			isa = XCBuildConfiguration;
			buildSettings = {
				ALWAYS_SEARCH_USER_PATHS = NO;
				CLANG_ANALYZER_NONNULL = YES;
				CLANG_ANALYZER_NUMBER_OBJECT_CONVERSION = YES_AGGRESSIVE;
				CLANG_CXX_LANGUAGE_STANDARD = "gnu++20";
				CLANG_ENABLE_MODULES = YES;
				CLANG_ENABLE_OBJC_ARC = YES;
				CLANG_ENABLE_OBJC_WEAK = YES;
				CLANG_WARN_BLOCK_CAPTURE_AUTORELEASING = YES;
				CLANG_WARN_BOOL_CONVERSION = YES;
				CLANG_WARN_COMMA = YES;
				CLANG_WARN_CONSTANT_CONVERSION = YES;
				CLANG_WARN_DEPRECATED_OBJC_IMPLEMENTATIONS = YES;
				CLANG_WARN_DIRECT_OBJC_ISA_USAGE = YES_ERROR;
				CLANG_WARN_DOCUMENTATION_COMMENTS = YES;
				CLANG_WARN_EMPTY_BODY = YES;
				CLANG_WARN_ENUM_CONVERSION = YES;
				CLANG_WARN_INFINITE_RECURSION = YES;
				CLANG_WARN_INT_CONVERSION = YES;
				CLANG_WARN_NON_LITERAL_NULL_CONVERSION = YES;
				CLANG_WARN_OBJC_IMPLICIT_RETAIN_SELF = YES;
				CLANG_WARN_OBJC_LITERAL_CONVERSION = YES;
				CLANG_WARN_OBJC_ROOT_CLASS = YES_ERROR;
				CLANG_WARN_QUOTED_INCLUDE_IN_FRAMEWORK_HEADER = YES;
				CLANG_WARN_RANGE_LOOP_ANALYSIS = YES;
				CLANG_WARN_STRICT_PROTOTYPES = YES;
				CLANG_WARN_SUSPICIOUS_MOVE = YES;
				CLANG_WARN_UNGUARDED_AVAILABILITY = YES_AGGRESSIVE;
				CLANG_WARN_UNREACHABLE_CODE = YES;
				CLANG_WARN__DUPLICATE_METHOD_MATCH = YES;
				COPY_PHASE_STRIP = NO;
				DEBUG_INFORMATION_FORMAT = "dwarf-with-dsym";
				ENABLE_NS_ASSERTIONS = NO;
				ENABLE_STRICT_OBJC_MSGSEND = YES;
				GCC_C_LANGUAGE_STANDARD = gnu11;
				GCC_NO_COMMON_BLOCKS = YES;
				GCC_WARN_64_TO_32_BIT_CONVERSION = YES;
				GCC_WARN_ABOUT_RETURN_TYPE = YES_ERROR;
				GCC_WARN_UNDECLARED_SELECTOR = YES;
				GCC_WARN_UNINITIALIZED_AUTOS = YES_AGGRESSIVE;
				GCC_WARN_UNUSED_FUNCTION = YES;
				GCC_WARN_UNUSED_VARIABLE = YES;
				IPHONEOS_DEPLOYMENT_TARGET = 16.2;
				MTL_ENABLE_DEBUG_INFO = NO;
				MTL_FAST_MATH = YES;
				SDKROOT = iphoneos;
				SWIFT_COMPILATION_MODE = wholemodule;
				SWIFT_OPTIMIZATION_LEVEL = "-O";
				VALIDATE_PRODUCT = YES;
			};
			name = Release;
		};
		3EE42A0329FC20F200DFFA19 /* Debug */ = {
			isa = XCBuildConfiguration;
			buildSettings = {
				ASSETCATALOG_COMPILER_APPICON_NAME = AppIcon;
				ASSETCATALOG_COMPILER_GLOBAL_ACCENT_COLOR_NAME = AccentColor;
				CODE_SIGN_STYLE = Automatic;
				CURRENT_PROJECT_VERSION = 1;
				DEVELOPMENT_ASSET_PATHS = "\"Assignment2Waheed/Preview Content\"";
				ENABLE_PREVIEWS = YES;
				GENERATE_INFOPLIST_FILE = YES;
				INFOPLIST_KEY_UIApplicationSceneManifest_Generation = YES;
				INFOPLIST_KEY_UIApplicationSupportsIndirectInputEvents = YES;
				INFOPLIST_KEY_UILaunchScreen_Generation = YES;
				INFOPLIST_KEY_UISupportedInterfaceOrientations_iPad = "UIInterfaceOrientationPortrait UIInterfaceOrientationPortraitUpsideDown UIInterfaceOrientationLandscapeLeft UIInterfaceOrientationLandscapeRight";
				INFOPLIST_KEY_UISupportedInterfaceOrientations_iPhone = "UIInterfaceOrientationPortrait UIInterfaceOrientationLandscapeLeft UIInterfaceOrientationLandscapeRight";
				LD_RUNPATH_SEARCH_PATHS = (
					"$(inherited)",
					"@executable_path/Frameworks",
				);
				MARKETING_VERSION = 1.0;
				PRODUCT_BUNDLE_IDENTIFIER = "Griffith-University.Assignment2Waheed";
				PRODUCT_NAME = "$(TARGET_NAME)";
				SWIFT_EMIT_LOC_STRINGS = YES;
				SWIFT_VERSION = 5.0;
				TARGETED_DEVICE_FAMILY = "1,2";
			};
			name = Debug;
		};
		3EE42A0429FC20F200DFFA19 /* Release */ = {
			isa = XCBuildConfiguration;
			buildSettings = {
				ASSETCATALOG_COMPILER_APPICON_NAME = AppIcon;
				ASSETCATALOG_COMPILER_GLOBAL_ACCENT_COLOR_NAME = AccentColor;
				CODE_SIGN_STYLE = Automatic;
				CURRENT_PROJECT_VERSION = 1;
				DEVELOPMENT_ASSET_PATHS = "\"Assignment2Waheed/Preview Content\"";
				ENABLE_PREVIEWS = YES;
				GENERATE_INFOPLIST_FILE = YES;
				INFOPLIST_KEY_UIApplicationSceneManifest_Generation = YES;
				INFOPLIST_KEY_UIApplicationSupportsIndirectInputEvents = YES;
				INFOPLIST_KEY_UILaunchScreen_Generation = YES;
				INFOPLIST_KEY_UISupportedInterfaceOrientations_iPad = "UIInterfaceOrientationPortrait UIInterfaceOrientationPortraitUpsideDown UIInterfaceOrientationLandscapeLeft UIInterfaceOrientationLandscapeRight";
				INFOPLIST_KEY_UISupportedInterfaceOrientations_iPhone = "UIInterfaceOrientationPortrait UIInterfaceOrientationLandscapeLeft UIInterfaceOrientationLandscapeRight";
				LD_RUNPATH_SEARCH_PATHS = (
					"$(inherited)",
					"@executable_path/Frameworks",
				);
				MARKETING_VERSION = 1.0;
				PRODUCT_BUNDLE_IDENTIFIER = "Griffith-University.Assignment2Waheed";
				PRODUCT_NAME = "$(TARGET_NAME)";
				SWIFT_EMIT_LOC_STRINGS = YES;
				SWIFT_VERSION = 5.0;
				TARGETED_DEVICE_FAMILY = "1,2";
			};
			name = Release;
		};
		3EE42A0629FC20F200DFFA19 /* Debug */ = {
			isa = XCBuildConfiguration;
			buildSettings = {
				ALWAYS_EMBED_SWIFT_STANDARD_LIBRARIES = YES;
				BUNDLE_LOADER = "$(TEST_HOST)";
				CODE_SIGN_STYLE = Automatic;
				CURRENT_PROJECT_VERSION = 1;
				GENERATE_INFOPLIST_FILE = YES;
				IPHONEOS_DEPLOYMENT_TARGET = 16.2;
				MARKETING_VERSION = 1.0;
				PRODUCT_BUNDLE_IDENTIFIER = "Griffith-University.Assignment2WaheedTests";
				PRODUCT_NAME = "$(TARGET_NAME)";
				SWIFT_EMIT_LOC_STRINGS = NO;
				SWIFT_VERSION = 5.0;
				TARGETED_DEVICE_FAMILY = "1,2";
				TEST_HOST = "$(BUILT_PRODUCTS_DIR)/FavouritePlaces.app/$(BUNDLE_EXECUTABLE_FOLDER_PATH)/FavouritePlaces";
			};
			name = Debug;
		};
		3EE42A0729FC20F200DFFA19 /* Release */ = {
			isa = XCBuildConfiguration;
			buildSettings = {
				ALWAYS_EMBED_SWIFT_STANDARD_LIBRARIES = YES;
				BUNDLE_LOADER = "$(TEST_HOST)";
				CODE_SIGN_STYLE = Automatic;
				CURRENT_PROJECT_VERSION = 1;
				GENERATE_INFOPLIST_FILE = YES;
				IPHONEOS_DEPLOYMENT_TARGET = 16.2;
				MARKETING_VERSION = 1.0;
				PRODUCT_BUNDLE_IDENTIFIER = "Griffith-University.Assignment2WaheedTests";
				PRODUCT_NAME = "$(TARGET_NAME)";
				SWIFT_EMIT_LOC_STRINGS = NO;
				SWIFT_VERSION = 5.0;
				TARGETED_DEVICE_FAMILY = "1,2";
				TEST_HOST = "$(BUILT_PRODUCTS_DIR)/FavouritePlaces.app/$(BUNDLE_EXECUTABLE_FOLDER_PATH)/FavouritePlaces";
			};
			name = Release;
		};
		3EE42A0929FC20F200DFFA19 /* Debug */ = {
			isa = XCBuildConfiguration;
			buildSettings = {
				ALWAYS_EMBED_SWIFT_STANDARD_LIBRARIES = YES;
				CODE_SIGN_STYLE = Automatic;
				CURRENT_PROJECT_VERSION = 1;
				GENERATE_INFOPLIST_FILE = YES;
				MARKETING_VERSION = 1.0;
				PRODUCT_BUNDLE_IDENTIFIER = "Griffith-University.Assignment2WaheedUITests";
				PRODUCT_NAME = "$(TARGET_NAME)";
				SWIFT_EMIT_LOC_STRINGS = NO;
				SWIFT_VERSION = 5.0;
				TARGETED_DEVICE_FAMILY = "1,2";
				TEST_TARGET_NAME = Assignment2Waheed;
			};
			name = Debug;
		};
		3EE42A0A29FC20F200DFFA19 /* Release */ = {
			isa = XCBuildConfiguration;
			buildSettings = {
				ALWAYS_EMBED_SWIFT_STANDARD_LIBRARIES = YES;
				CODE_SIGN_STYLE = Automatic;
				CURRENT_PROJECT_VERSION = 1;
				GENERATE_INFOPLIST_FILE = YES;
				MARKETING_VERSION = 1.0;
				PRODUCT_BUNDLE_IDENTIFIER = "Griffith-University.Assignment2WaheedUITests";
				PRODUCT_NAME = "$(TARGET_NAME)";
				SWIFT_EMIT_LOC_STRINGS = NO;
				SWIFT_VERSION = 5.0;
				TARGETED_DEVICE_FAMILY = "1,2";
				TEST_TARGET_NAME = Assignment2Waheed;
			};
			name = Release;
		};
/* End XCBuildConfiguration section */

/* Begin XCConfigurationList section */
		3EE429D929FC20F000DFFA19 /* Build configuration list for PBXProject "FavouritePlaces" */ = {
			isa = XCConfigurationList;
			buildConfigurations = (
				3EE42A0029FC20F200DFFA19 /* Debug */,
				3EE42A0129FC20F200DFFA19 /* Release */,
			);
			defaultConfigurationIsVisible = 0;
			defaultConfigurationName = Release;
		};
		3EE42A0229FC20F200DFFA19 /* Build configuration list for PBXNativeTarget "FavouritePlaces" */ = {
			isa = XCConfigurationList;
			buildConfigurations = (
				3EE42A0329FC20F200DFFA19 /* Debug */,
				3EE42A0429FC20F200DFFA19 /* Release */,
			);
			defaultConfigurationIsVisible = 0;
			defaultConfigurationName = Release;
		};
		3EE42A0529FC20F200DFFA19 /* Build configuration list for PBXNativeTarget "FavouritePlacesTests" */ = {
			isa = XCConfigurationList;
			buildConfigurations = (
				3EE42A0629FC20F200DFFA19 /* Debug */,
				3EE42A0729FC20F200DFFA19 /* Release */,
			);
			defaultConfigurationIsVisible = 0;
			defaultConfigurationName = Release;
		};
		3EE42A0829FC20F200DFFA19 /* Build configuration list for PBXNativeTarget "FavouritePlacesUITests" */ = {
			isa = XCConfigurationList;
			buildConfigurations = (
				3EE42A0929FC20F200DFFA19 /* Debug */,
				3EE42A0A29FC20F200DFFA19 /* Release */,
			);
			defaultConfigurationIsVisible = 0;
			defaultConfigurationName = Release;
		};
/* End XCConfigurationList section */

/* Begin XCVersionGroup section */
		3EE42A0B29FC2C9B00DFFA19 /* Model.xcdatamodeld */ = {
			isa = XCVersionGroup;
			children = (
				3EE42A0C29FC2C9C00DFFA19 /* Model.xcdatamodel */,
			);
			currentVersion = 3EE42A0C29FC2C9C00DFFA19 /* Model.xcdatamodel */;
			path = Model.xcdatamodeld;
			sourceTree = "<group>";
			versionGroupType = wrapper.xcdatamodel;
		};
/* End XCVersionGroup section */
	};
	rootObject = 3EE429D629FC20F000DFFA19 /* Project object */;
}
